# This file is automatically @generated by Cargo.
# It is not intended for manual editing.
version = 3

[[package]]
name = "module-five"
version = "0.1.0"

[[package]]
name = "module-four"
version = "0.1.0"

[[package]]
name = "module-six"
version = "0.1.0"

[[package]]
name = "module-three"
version = "0.1.0"

[[package]]
name = "module-two"
version = "0.1.0"

[[package]]
name = "module_one"
version = "0.1.0"
